
Microsoft Visual Studio Solution File, Format Version 12.00
# Visual Studio Version 16
VisualStudioVersion = 16.0.30011.22
MinimumVisualStudioVersion = 10.0.40219.1
Project("{8BC9CEB8-8B4A-11D0-8D11-00A0C91BC942}") = "01_CStudy", "01_CStudy\01_CStudy.vcxproj", "{276C1360-16A3-41F8-ADA4-DD7F71B8DAAF}"
EndProject
Global
	GlobalSection(SolutionConfigurationPlatforms) = preSolution
		Debug|x64 = Debug|x64
		Debug|x86 = Debug|x86
		Release|x64 = Release|x64
		Release|x86 = Release|x86
	EndGlobalSection
	GlobalSection(ProjectConfigurationPlatforms) = postSolution
		{276C1360-16A3-41F8-ADA4-DD7F71B8DAAF}.Debug|x64.ActiveCfg = Debug|x64
		{276C1360-16A3-41F8-ADA4-DD7F71B8DAAF}.Debug|x64.Build.0 = Debug|x64
		{276C1360-16A3-41F8-ADA4-DD7F71B8DAAF}.Debug|x86.ActiveCfg = Debug|Win32
		{276C1360-16A3-41F8-ADA4-DD7F71B8DAAF}.Debug|x86.Build.0 = Debug|Win32
		{276C1360-16A3-41F8-ADA4-DD7F71B8DAAF}.Release|x64.ActiveCfg = Release|x64
		{276C1360-16A3-41F8-ADA4-DD7F71B8DAAF}.Release|x64.Build.0 = Release|x64
		{276C1360-16A3-41F8-ADA4-DD7F71B8DAAF}.Release|x86.ActiveCfg = Release|Win32
		{276C1360-16A3-41F8-ADA4-DD7F71B8DAAF}.Release|x86.Build.0 = Release|Win32
	EndGlobalSection
	GlobalSection(SolutionProperties) = preSolution
		HideSolutionNode = FALSE
	EndGlobalSection
	GlobalSection(ExtensibilityGlobals) = postSolution
		SolutionGuid = {95596631-BD4C-4C82-8F13-2293C62F8675}
	EndGlobalSection
EndGlobal
