
Microsoft Visual Studio Solution File, Format Version 12.00
# Visual Studio Version 16
VisualStudioVersion = 16.0.30104.148
MinimumVisualStudioVersion = 10.0.40219.1
Project("{2150E333-8FDC-42A3-9474-1A3956D46DE8}") = "C++编程思想", "C++编程思想", "{3663D201-14A0-4FF9-B0BE-3F2D45EF61BE}"
EndProject
Project("{2150E333-8FDC-42A3-9474-1A3956D46DE8}") = "01_对象导言", "01_对象导言", "{EA6E771B-12DF-47D8-B973-13E880A072A8}"
EndProject
Project("{2150E333-8FDC-42A3-9474-1A3956D46DE8}") = "02_对象的创建与使用", "02_对象的创建与使用", "{3E213983-E65C-4E6D-B825-862A3D9FCB5B}"
EndProject
Project("{2150E333-8FDC-42A3-9474-1A3956D46DE8}") = "01_第一个C++程序", "01_第一个C++程序", "{C93A9B1A-96A3-4219-8519-345108DA01F4}"
EndProject
Project("{8BC9CEB8-8B4A-11D0-8D11-00A0C91BC942}") = "Demo1", "Demo1\Demo1.vcxproj", "{32685582-8334-4AF8-8427-67606A2E3655}"
EndProject
Project("{2150E333-8FDC-42A3-9474-1A3956D46DE8}") = "02_文件的读写", "02_文件的读写", "{4AA714E0-1382-40DC-AE6C-655BCB49F58B}"
EndProject
Project("{8BC9CEB8-8B4A-11D0-8D11-00A0C91BC942}") = "Demo2", "Demo2\Demo2.vcxproj", "{E183D8CF-1960-446E-BAFB-DF3C58CFD490}"
EndProject
Project("{2150E333-8FDC-42A3-9474-1A3956D46DE8}") = "03_容器", "03_容器", "{141113A3-B522-4AE0-B08B-1E376BB2B58D}"
EndProject
Project("{8BC9CEB8-8B4A-11D0-8D11-00A0C91BC942}") = "Demo3", "Demo3\Demo3.vcxproj", "{DA64DAA7-0466-472B-8284-2884CE11BC81}"
EndProject
Project("{2150E333-8FDC-42A3-9474-1A3956D46DE8}") = "练习", "练习", "{2C34791E-875A-4A10-B85D-135CEF2FF4BB}"
EndProject
Project("{8BC9CEB8-8B4A-11D0-8D11-00A0C91BC942}") = "Exercise2-1", "C++编程思想\02_对象的创建和使用\Exercise2-1\Exercise2-1.vcxproj", "{76972D6A-14FD-4BFF-B65A-77A60C7AD481}"
EndProject
Project("{8BC9CEB8-8B4A-11D0-8D11-00A0C91BC942}") = "Exercise2-2", "C++编程思想\02_对象的创建和使用\Exercise2-2\Exercise2-2.vcxproj", "{8E3A9595-C26C-4A4F-B5E0-70FA9DF066DE}"
EndProject
Project("{8BC9CEB8-8B4A-11D0-8D11-00A0C91BC942}") = "Exercise2-3", "C++编程思想\02_对象的创建和使用\Exercise2-3\Exercise2-3.vcxproj", "{E6E20680-A2A1-481E-A978-0900BCE89B68}"
EndProject
Project("{2150E333-8FDC-42A3-9474-1A3956D46DE8}") = "03_C++中的C", "03_C++中的C", "{833987A0-A778-483C-97B5-23E5F4C93147}"
EndProject
Global
	GlobalSection(SolutionConfigurationPlatforms) = preSolution
		Debug|x64 = Debug|x64
		Debug|x86 = Debug|x86
		Release|x64 = Release|x64
		Release|x86 = Release|x86
	EndGlobalSection
	GlobalSection(ProjectConfigurationPlatforms) = postSolution
		{32685582-8334-4AF8-8427-67606A2E3655}.Debug|x64.ActiveCfg = Debug|x64
		{32685582-8334-4AF8-8427-67606A2E3655}.Debug|x64.Build.0 = Debug|x64
		{32685582-8334-4AF8-8427-67606A2E3655}.Debug|x86.ActiveCfg = Debug|Win32
		{32685582-8334-4AF8-8427-67606A2E3655}.Debug|x86.Build.0 = Debug|Win32
		{32685582-8334-4AF8-8427-67606A2E3655}.Release|x64.ActiveCfg = Release|x64
		{32685582-8334-4AF8-8427-67606A2E3655}.Release|x64.Build.0 = Release|x64
		{32685582-8334-4AF8-8427-67606A2E3655}.Release|x86.ActiveCfg = Release|Win32
		{32685582-8334-4AF8-8427-67606A2E3655}.Release|x86.Build.0 = Release|Win32
		{E183D8CF-1960-446E-BAFB-DF3C58CFD490}.Debug|x64.ActiveCfg = Debug|x64
		{E183D8CF-1960-446E-BAFB-DF3C58CFD490}.Debug|x64.Build.0 = Debug|x64
		{E183D8CF-1960-446E-BAFB-DF3C58CFD490}.Debug|x86.ActiveCfg = Debug|Win32
		{E183D8CF-1960-446E-BAFB-DF3C58CFD490}.Debug|x86.Build.0 = Debug|Win32
		{E183D8CF-1960-446E-BAFB-DF3C58CFD490}.Release|x64.ActiveCfg = Release|x64
		{E183D8CF-1960-446E-BAFB-DF3C58CFD490}.Release|x64.Build.0 = Release|x64
		{E183D8CF-1960-446E-BAFB-DF3C58CFD490}.Release|x86.ActiveCfg = Release|Win32
		{E183D8CF-1960-446E-BAFB-DF3C58CFD490}.Release|x86.Build.0 = Release|Win32
		{DA64DAA7-0466-472B-8284-2884CE11BC81}.Debug|x64.ActiveCfg = Debug|x64
		{DA64DAA7-0466-472B-8284-2884CE11BC81}.Debug|x64.Build.0 = Debug|x64
		{DA64DAA7-0466-472B-8284-2884CE11BC81}.Debug|x86.ActiveCfg = Debug|Win32
		{DA64DAA7-0466-472B-8284-2884CE11BC81}.Debug|x86.Build.0 = Debug|Win32
		{DA64DAA7-0466-472B-8284-2884CE11BC81}.Release|x64.ActiveCfg = Release|x64
		{DA64DAA7-0466-472B-8284-2884CE11BC81}.Release|x64.Build.0 = Release|x64
		{DA64DAA7-0466-472B-8284-2884CE11BC81}.Release|x86.ActiveCfg = Release|Win32
		{DA64DAA7-0466-472B-8284-2884CE11BC81}.Release|x86.Build.0 = Release|Win32
		{76972D6A-14FD-4BFF-B65A-77A60C7AD481}.Debug|x64.ActiveCfg = Debug|x64
		{76972D6A-14FD-4BFF-B65A-77A60C7AD481}.Debug|x64.Build.0 = Debug|x64
		{76972D6A-14FD-4BFF-B65A-77A60C7AD481}.Debug|x86.ActiveCfg = Debug|Win32
		{76972D6A-14FD-4BFF-B65A-77A60C7AD481}.Debug|x86.Build.0 = Debug|Win32
		{76972D6A-14FD-4BFF-B65A-77A60C7AD481}.Release|x64.ActiveCfg = Release|x64
		{76972D6A-14FD-4BFF-B65A-77A60C7AD481}.Release|x64.Build.0 = Release|x64
		{76972D6A-14FD-4BFF-B65A-77A60C7AD481}.Release|x86.ActiveCfg = Release|Win32
		{76972D6A-14FD-4BFF-B65A-77A60C7AD481}.Release|x86.Build.0 = Release|Win32
		{8E3A9595-C26C-4A4F-B5E0-70FA9DF066DE}.Debug|x64.ActiveCfg = Debug|x64
		{8E3A9595-C26C-4A4F-B5E0-70FA9DF066DE}.Debug|x64.Build.0 = Debug|x64
		{8E3A9595-C26C-4A4F-B5E0-70FA9DF066DE}.Debug|x86.ActiveCfg = Debug|Win32
		{8E3A9595-C26C-4A4F-B5E0-70FA9DF066DE}.Debug|x86.Build.0 = Debug|Win32
		{8E3A9595-C26C-4A4F-B5E0-70FA9DF066DE}.Release|x64.ActiveCfg = Release|x64
		{8E3A9595-C26C-4A4F-B5E0-70FA9DF066DE}.Release|x64.Build.0 = Release|x64
		{8E3A9595-C26C-4A4F-B5E0-70FA9DF066DE}.Release|x86.ActiveCfg = Release|Win32
		{8E3A9595-C26C-4A4F-B5E0-70FA9DF066DE}.Release|x86.Build.0 = Release|Win32
		{E6E20680-A2A1-481E-A978-0900BCE89B68}.Debug|x64.ActiveCfg = Debug|x64
		{E6E20680-A2A1-481E-A978-0900BCE89B68}.Debug|x64.Build.0 = Debug|x64
		{E6E20680-A2A1-481E-A978-0900BCE89B68}.Debug|x86.ActiveCfg = Debug|Win32
		{E6E20680-A2A1-481E-A978-0900BCE89B68}.Debug|x86.Build.0 = Debug|Win32
		{E6E20680-A2A1-481E-A978-0900BCE89B68}.Release|x64.ActiveCfg = Release|x64
		{E6E20680-A2A1-481E-A978-0900BCE89B68}.Release|x64.Build.0 = Release|x64
		{E6E20680-A2A1-481E-A978-0900BCE89B68}.Release|x86.ActiveCfg = Release|Win32
		{E6E20680-A2A1-481E-A978-0900BCE89B68}.Release|x86.Build.0 = Release|Win32
	EndGlobalSection
	GlobalSection(SolutionProperties) = preSolution
		HideSolutionNode = FALSE
	EndGlobalSection
	GlobalSection(NestedProjects) = preSolution
		{EA6E771B-12DF-47D8-B973-13E880A072A8} = {3663D201-14A0-4FF9-B0BE-3F2D45EF61BE}
		{3E213983-E65C-4E6D-B825-862A3D9FCB5B} = {3663D201-14A0-4FF9-B0BE-3F2D45EF61BE}
		{C93A9B1A-96A3-4219-8519-345108DA01F4} = {3E213983-E65C-4E6D-B825-862A3D9FCB5B}
		{32685582-8334-4AF8-8427-67606A2E3655} = {C93A9B1A-96A3-4219-8519-345108DA01F4}
		{4AA714E0-1382-40DC-AE6C-655BCB49F58B} = {3E213983-E65C-4E6D-B825-862A3D9FCB5B}
		{E183D8CF-1960-446E-BAFB-DF3C58CFD490} = {4AA714E0-1382-40DC-AE6C-655BCB49F58B}
		{141113A3-B522-4AE0-B08B-1E376BB2B58D} = {3E213983-E65C-4E6D-B825-862A3D9FCB5B}
		{DA64DAA7-0466-472B-8284-2884CE11BC81} = {141113A3-B522-4AE0-B08B-1E376BB2B58D}
		{2C34791E-875A-4A10-B85D-135CEF2FF4BB} = {3E213983-E65C-4E6D-B825-862A3D9FCB5B}
		{76972D6A-14FD-4BFF-B65A-77A60C7AD481} = {2C34791E-875A-4A10-B85D-135CEF2FF4BB}
		{8E3A9595-C26C-4A4F-B5E0-70FA9DF066DE} = {2C34791E-875A-4A10-B85D-135CEF2FF4BB}
		{E6E20680-A2A1-481E-A978-0900BCE89B68} = {2C34791E-875A-4A10-B85D-135CEF2FF4BB}
		{833987A0-A778-483C-97B5-23E5F4C93147} = {3663D201-14A0-4FF9-B0BE-3F2D45EF61BE}
	EndGlobalSection
	GlobalSection(ExtensibilityGlobals) = postSolution
		SolutionGuid = {845C5A62-7445-41E7-AB8A-12B8607B4D6D}
	EndGlobalSection
EndGlobal
